
Microsoft Visual Studio Solution File, Format Version 12.00
# Visual Studio Version 17
VisualStudioVersion = 17.9.34622.214
MinimumVisualStudioVersion = 10.0.40219.1
Project("{FAE04EC0-301F-11D3-BF4B-00C04F79EFBC}") = "examan", "examan\examan.csproj", "{00296FCF-9D39-4255-BF5D-92A91D52F422}"
EndProject
Global
	GlobalSection(SolutionConfigurationPlatforms) = preSolution
		Debug|Any CPU = Debug|Any CPU
		Release|Any CPU = Release|Any CPU
	EndGlobalSection
	GlobalSection(ProjectConfigurationPlatforms) = postSolution
		{00296FCF-9D39-4255-BF5D-92A91D52F422}.Debug|Any CPU.ActiveCfg = Debug|Any CPU
		{00296FCF-9D39-4255-BF5D-92A91D52F422}.Debug|Any CPU.Build.0 = Debug|Any CPU
		{00296FCF-9D39-4255-BF5D-92A91D52F422}.Release|Any CPU.ActiveCfg = Release|Any CPU
		{00296FCF-9D39-4255-BF5D-92A91D52F422}.Release|Any CPU.Build.0 = Release|Any CPU
	EndGlobalSection
	GlobalSection(SolutionProperties) = preSolution
		HideSolutionNode = FALSE
	EndGlobalSection
	GlobalSection(ExtensibilityGlobals) = postSolution
		SolutionGuid = {E8E12DE5-CBD8-40DE-B930-4109564584B5}
	EndGlobalSection
EndGlobal
